{
  "requires": true,
  "lockfileVersion": 1,
  "dependencies": {
    "react-native-fbsdk": {
      "version": "2.0.0",
      "resolved": "https://registry.npmjs.org/react-native-fbsdk/-/react-native-fbsdk-2.0.0.tgz",
      "integrity": "sha512-CyPKoBVt9Y+KznALcnN4lkh6dUNqZjyFS6GbkXXTFf72wR9Dl8bXF2dDj56w/o5/TFoCnNCmQlZgh7P/NiElZQ=="
    }
  }
}
