# THIS IS AN AUTOGENERATED FILE. DO NOT EDIT THIS FILE DIRECTLY.
# yarn lockfile v1


react-native-share@^4.0.2:
  version "4.0.2"
  resolved "https://registry.yarnpkg.com/react-native-share/-/react-native-share-4.0.2.tgz#1a2287748083e08247e951d9ef8c7a100d39cc1c"
  integrity sha512-2dbeyBx8bQoOu0V2fsj3xNv3Mta9KwGRUT/Yvb+SBRtwX3YSwYC65DqRPk1L1CeO7ABxiXZaEaL1MM7LIDuGSA==
